// !$*UTF8*$!
{
	archiveVersion = 1;
	classes = {
	};
	objectVersion = 46;
	objects = {

/* Begin PBXBuildFile section */
		009C4C6C1D9F0CD600F0BC6C /* AppDelegate.swift in Sources */ = {isa = PBXBuildFile; fileRef = 009C4C6B1D9F0CD600F0BC6C /* AppDelegate.swift */; };
		009C4C6E1D9F0CD600F0BC6C /* TimelineViewController.swift in Sources */ = {isa = PBXBuildFile; fileRef = 009C4C6D1D9F0CD600F0BC6C /* TimelineViewController.swift */; };
		009C4C711D9F0CD600F0BC6C /* Main.storyboard in Resources */ = {isa = PBXBuildFile; fileRef = 009C4C6F1D9F0CD600F0BC6C /* Main.storyboard */; };
		009C4C731D9F0CD600F0BC6C /* Assets.xcassets in Resources */ = {isa = PBXBuildFile; fileRef = 009C4C721D9F0CD600F0BC6C /* Assets.xcassets */; };
		009C4C761D9F0CD600F0BC6C /* LaunchScreen.storyboard in Resources */ = {isa = PBXBuildFile; fileRef = 009C4C741D9F0CD600F0BC6C /* LaunchScreen.storyboard */; };
		009C4C811D9F0CD600F0BC6C /* OpenTweetTests.swift in Sources */ = {isa = PBXBuildFile; fileRef = 009C4C801D9F0CD600F0BC6C /* OpenTweetTests.swift */; };
		009C4C8C1D9F0CD600F0BC6C /* OpenTweetUITests.swift in Sources */ = {isa = PBXBuildFile; fileRef = 009C4C8B1D9F0CD600F0BC6C /* OpenTweetUITests.swift */; };
		009C4C9B1D9F0D4100F0BC6C /* timeline.json in Resources */ = {isa = PBXBuildFile; fileRef = 009C4C9A1D9F0D4100F0BC6C /* timeline.json */; };
		FC08D1772B647762000589FC /* ImageView+Networking.swift in Sources */ = {isa = PBXBuildFile; fileRef = FC08D1762B647762000589FC /* ImageView+Networking.swift */; };
		FC08D17A2B6478F3000589FC /* TweetView.swift in Sources */ = {isa = PBXBuildFile; fileRef = FC08D1792B6478F3000589FC /* TweetView.swift */; };
		FC08D17C2B647A30000589FC /* LabelViewConfiguring.swift in Sources */ = {isa = PBXBuildFile; fileRef = FC08D17B2B647A30000589FC /* LabelViewConfiguring.swift */; };
		FC08D17F2B647BD3000589FC /* UILabel+LabelViewConfiguring.swift in Sources */ = {isa = PBXBuildFile; fileRef = FC08D17E2B647BD3000589FC /* UILabel+LabelViewConfiguring.swift */; };
		FC08D1812B647E38000589FC /* UIViewExtensions.swift in Sources */ = {isa = PBXBuildFile; fileRef = FC08D1802B647E38000589FC /* UIViewExtensions.swift */; };
		FC08D1832B64872A000589FC /* TweetViewCell.swift in Sources */ = {isa = PBXBuildFile; fileRef = FC08D1822B64872A000589FC /* TweetViewCell.swift */; };
		FC08D1852B648CE1000589FC /* TweetViewModel.swift in Sources */ = {isa = PBXBuildFile; fileRef = FC08D1842B648CE1000589FC /* TweetViewModel.swift */; };
		FC08D1872B648D5E000589FC /* Constants.swift in Sources */ = {isa = PBXBuildFile; fileRef = FC08D1862B648D5E000589FC /* Constants.swift */; };
		FC08D1892B649BA9000589FC /* DateUtils.swift in Sources */ = {isa = PBXBuildFile; fileRef = FC08D1882B649BA9000589FC /* DateUtils.swift */; };
		FC08D18B2B649CCC000589FC /* Tweet.swift in Sources */ = {isa = PBXBuildFile; fileRef = FC08D18A2B649CCC000589FC /* Tweet.swift */; };
		FC08D18D2B64A074000589FC /* DateUtilTests.swift in Sources */ = {isa = PBXBuildFile; fileRef = FC08D18C2B64A074000589FC /* DateUtilTests.swift */; };
		FC08D18F2B64A7B3000589FC /* FileLoader.swift in Sources */ = {isa = PBXBuildFile; fileRef = FC08D18E2B64A7B3000589FC /* FileLoader.swift */; };
		FC08D1912B656777000589FC /* AvatarGenerator.swift in Sources */ = {isa = PBXBuildFile; fileRef = FC08D1902B656777000589FC /* AvatarGenerator.swift */; };
		FC08D1932B657B22000589FC /* AttributedStringBuilder.swift in Sources */ = {isa = PBXBuildFile; fileRef = FC08D1922B657B22000589FC /* AttributedStringBuilder.swift */; };
		FC08D1952B659BBB000589FC /* TweetDetailView.swift in Sources */ = {isa = PBXBuildFile; fileRef = FC08D1942B659BBB000589FC /* TweetDetailView.swift */; };
		FC08D1982B659BD5000589FC /* TweetDetailViewController.swift in Sources */ = {isa = PBXBuildFile; fileRef = FC08D1972B659BD5000589FC /* TweetDetailViewController.swift */; };
		FC08D19A2B65AC12000589FC /* TweetDetailViewModel.swift in Sources */ = {isa = PBXBuildFile; fileRef = FC08D1992B65AC12000589FC /* TweetDetailViewModel.swift */; };
		FC08D19C2B65B751000589FC /* TimelineViewModel.swift in Sources */ = {isa = PBXBuildFile; fileRef = FC08D19B2B65B751000589FC /* TimelineViewModel.swift */; };
		FC08D1A22B65C6E5000589FC /* TweetReplyView.swift in Sources */ = {isa = PBXBuildFile; fileRef = FC08D1A12B65C6E5000589FC /* TweetReplyView.swift */; };
		FC08D1A42B65C881000589FC /* TweetReplyCell.swift in Sources */ = {isa = PBXBuildFile; fileRef = FC08D1A32B65C881000589FC /* TweetReplyCell.swift */; };
		FC08D1A62B66C2F2000589FC /* TweetReplyViewModel.swift in Sources */ = {isa = PBXBuildFile; fileRef = FC08D1A52B66C2F2000589FC /* TweetReplyViewModel.swift */; };
/* End PBXBuildFile section */

/* Begin PBXContainerItemProxy section */
		009C4C7D1D9F0CD600F0BC6C /* PBXContainerItemProxy */ = {
			isa = PBXContainerItemProxy;
			containerPortal = 009C4C601D9F0CD600F0BC6C /* Project object */;
			proxyType = 1;
			remoteGlobalIDString = 009C4C671D9F0CD600F0BC6C;
			remoteInfo = OpenTweet;
		};
		009C4C881D9F0CD600F0BC6C /* PBXContainerItemProxy */ = {
			isa = PBXContainerItemProxy;
			containerPortal = 009C4C601D9F0CD600F0BC6C /* Project object */;
			proxyType = 1;
			remoteGlobalIDString = 009C4C671D9F0CD600F0BC6C;
			remoteInfo = OpenTweet;
		};
/* End PBXContainerItemProxy section */

/* Begin PBXFileReference section */
		009C4C681D9F0CD600F0BC6C /* OpenTweet.app */ = {isa = PBXFileReference; explicitFileType = wrapper.application; includeInIndex = 0; path = OpenTweet.app; sourceTree = BUILT_PRODUCTS_DIR; };
		009C4C6B1D9F0CD600F0BC6C /* AppDelegate.swift */ = {isa = PBXFileReference; lastKnownFileType = sourcecode.swift; path = AppDelegate.swift; sourceTree = "<group>"; };
		009C4C6D1D9F0CD600F0BC6C /* TimelineViewController.swift */ = {isa = PBXFileReference; lastKnownFileType = sourcecode.swift; path = TimelineViewController.swift; sourceTree = "<group>"; };
		009C4C701D9F0CD600F0BC6C /* Base */ = {isa = PBXFileReference; lastKnownFileType = file.storyboard; name = Base; path = Base.lproj/Main.storyboard; sourceTree = "<group>"; };
		009C4C721D9F0CD600F0BC6C /* Assets.xcassets */ = {isa = PBXFileReference; lastKnownFileType = folder.assetcatalog; path = Assets.xcassets; sourceTree = "<group>"; };
		009C4C751D9F0CD600F0BC6C /* Base */ = {isa = PBXFileReference; lastKnownFileType = file.storyboard; name = Base; path = Base.lproj/LaunchScreen.storyboard; sourceTree = "<group>"; };
		009C4C771D9F0CD600F0BC6C /* Info.plist */ = {isa = PBXFileReference; lastKnownFileType = text.plist.xml; path = Info.plist; sourceTree = "<group>"; };
		009C4C7C1D9F0CD600F0BC6C /* OpenTweetTests.xctest */ = {isa = PBXFileReference; explicitFileType = wrapper.cfbundle; includeInIndex = 0; path = OpenTweetTests.xctest; sourceTree = BUILT_PRODUCTS_DIR; };
		009C4C801D9F0CD600F0BC6C /* OpenTweetTests.swift */ = {isa = PBXFileReference; lastKnownFileType = sourcecode.swift; path = OpenTweetTests.swift; sourceTree = "<group>"; };
		009C4C821D9F0CD600F0BC6C /* Info.plist */ = {isa = PBXFileReference; lastKnownFileType = text.plist.xml; path = Info.plist; sourceTree = "<group>"; };
		009C4C871D9F0CD600F0BC6C /* OpenTweetUITests.xctest */ = {isa = PBXFileReference; explicitFileType = wrapper.cfbundle; includeInIndex = 0; path = OpenTweetUITests.xctest; sourceTree = BUILT_PRODUCTS_DIR; };
		009C4C8B1D9F0CD600F0BC6C /* OpenTweetUITests.swift */ = {isa = PBXFileReference; lastKnownFileType = sourcecode.swift; path = OpenTweetUITests.swift; sourceTree = "<group>"; };
		009C4C8D1D9F0CD600F0BC6C /* Info.plist */ = {isa = PBXFileReference; lastKnownFileType = text.plist.xml; path = Info.plist; sourceTree = "<group>"; };
		009C4C9A1D9F0D4100F0BC6C /* timeline.json */ = {isa = PBXFileReference; fileEncoding = 4; lastKnownFileType = text.json; path = timeline.json; sourceTree = "<group>"; };
		009C4C9D1D9F104800F0BC6C /* README.md */ = {isa = PBXFileReference; lastKnownFileType = net.daringfireball.markdown; path = README.md; sourceTree = "<group>"; };
		FC08D1762B647762000589FC /* ImageView+Networking.swift */ = {isa = PBXFileReference; lastKnownFileType = sourcecode.swift; path = "ImageView+Networking.swift"; sourceTree = "<group>"; };
		FC08D1792B6478F3000589FC /* TweetView.swift */ = {isa = PBXFileReference; lastKnownFileType = sourcecode.swift; path = TweetView.swift; sourceTree = "<group>"; };
		FC08D17B2B647A30000589FC /* LabelViewConfiguring.swift */ = {isa = PBXFileReference; lastKnownFileType = sourcecode.swift; path = LabelViewConfiguring.swift; sourceTree = "<group>"; };
		FC08D17E2B647BD3000589FC /* UILabel+LabelViewConfiguring.swift */ = {isa = PBXFileReference; lastKnownFileType = sourcecode.swift; path = "UILabel+LabelViewConfiguring.swift"; sourceTree = "<group>"; };
		FC08D1802B647E38000589FC /* UIViewExtensions.swift */ = {isa = PBXFileReference; lastKnownFileType = sourcecode.swift; path = UIViewExtensions.swift; sourceTree = "<group>"; };
		FC08D1822B64872A000589FC /* TweetViewCell.swift */ = {isa = PBXFileReference; lastKnownFileType = sourcecode.swift; path = TweetViewCell.swift; sourceTree = "<group>"; };
		FC08D1842B648CE1000589FC /* TweetViewModel.swift */ = {isa = PBXFileReference; lastKnownFileType = sourcecode.swift; path = TweetViewModel.swift; sourceTree = "<group>"; };
		FC08D1862B648D5E000589FC /* Constants.swift */ = {isa = PBXFileReference; lastKnownFileType = sourcecode.swift; path = Constants.swift; sourceTree = "<group>"; };
		FC08D1882B649BA9000589FC /* DateUtils.swift */ = {isa = PBXFileReference; lastKnownFileType = sourcecode.swift; path = DateUtils.swift; sourceTree = "<group>"; };
		FC08D18A2B649CCC000589FC /* Tweet.swift */ = {isa = PBXFileReference; lastKnownFileType = sourcecode.swift; path = Tweet.swift; sourceTree = "<group>"; };
		FC08D18C2B64A074000589FC /* DateUtilTests.swift */ = {isa = PBXFileReference; lastKnownFileType = sourcecode.swift; path = DateUtilTests.swift; sourceTree = "<group>"; };
		FC08D18E2B64A7B3000589FC /* FileLoader.swift */ = {isa = PBXFileReference; lastKnownFileType = sourcecode.swift; path = FileLoader.swift; sourceTree = "<group>"; };
		FC08D1902B656777000589FC /* AvatarGenerator.swift */ = {isa = PBXFileReference; lastKnownFileType = sourcecode.swift; path = AvatarGenerator.swift; sourceTree = "<group>"; };
		FC08D1922B657B22000589FC /* AttributedStringBuilder.swift */ = {isa = PBXFileReference; lastKnownFileType = sourcecode.swift; path = AttributedStringBuilder.swift; sourceTree = "<group>"; };
		FC08D1942B659BBB000589FC /* TweetDetailView.swift */ = {isa = PBXFileReference; lastKnownFileType = sourcecode.swift; path = TweetDetailView.swift; sourceTree = "<group>"; };
		FC08D1972B659BD5000589FC /* TweetDetailViewController.swift */ = {isa = PBXFileReference; lastKnownFileType = sourcecode.swift; path = TweetDetailViewController.swift; sourceTree = "<group>"; };
		FC08D1992B65AC12000589FC /* TweetDetailViewModel.swift */ = {isa = PBXFileReference; lastKnownFileType = sourcecode.swift; path = TweetDetailViewModel.swift; sourceTree = "<group>"; };
		FC08D19B2B65B751000589FC /* TimelineViewModel.swift */ = {isa = PBXFileReference; lastKnownFileType = sourcecode.swift; path = TimelineViewModel.swift; sourceTree = "<group>"; };
		FC08D1A12B65C6E5000589FC /* TweetReplyView.swift */ = {isa = PBXFileReference; lastKnownFileType = sourcecode.swift; path = TweetReplyView.swift; sourceTree = "<group>"; };
		FC08D1A32B65C881000589FC /* TweetReplyCell.swift */ = {isa = PBXFileReference; lastKnownFileType = sourcecode.swift; path = TweetReplyCell.swift; sourceTree = "<group>"; };
		FC08D1A52B66C2F2000589FC /* TweetReplyViewModel.swift */ = {isa = PBXFileReference; lastKnownFileType = sourcecode.swift; path = TweetReplyViewModel.swift; sourceTree = "<group>"; };
/* End PBXFileReference section */

/* Begin PBXFrameworksBuildPhase section */
		009C4C651D9F0CD600F0BC6C /* Frameworks */ = {
			isa = PBXFrameworksBuildPhase;
			buildActionMask = 2147483647;
			files = (
			);
			runOnlyForDeploymentPostprocessing = 0;
		};
		009C4C791D9F0CD600F0BC6C /* Frameworks */ = {
			isa = PBXFrameworksBuildPhase;
			buildActionMask = 2147483647;
			files = (
			);
			runOnlyForDeploymentPostprocessing = 0;
		};
		009C4C841D9F0CD600F0BC6C /* Frameworks */ = {
			isa = PBXFrameworksBuildPhase;
			buildActionMask = 2147483647;
			files = (
			);
			runOnlyForDeploymentPostprocessing = 0;
		};
/* End PBXFrameworksBuildPhase section */

/* Begin PBXGroup section */
		009C4C5F1D9F0CD600F0BC6C = {
			isa = PBXGroup;
			children = (
				009C4C6A1D9F0CD600F0BC6C /* OpenTweet */,
				009C4C991D9F0D4100F0BC6C /* Data */,
				009C4C7F1D9F0CD600F0BC6C /* OpenTweetTests */,
				009C4C8A1D9F0CD600F0BC6C /* OpenTweetUITests */,
				009C4C691D9F0CD600F0BC6C /* Products */,
				009C4C9D1D9F104800F0BC6C /* README.md */,
			);
			sourceTree = "<group>";
		};
		009C4C691D9F0CD600F0BC6C /* Products */ = {
			isa = PBXGroup;
			children = (
				009C4C681D9F0CD600F0BC6C /* OpenTweet.app */,
				009C4C7C1D9F0CD600F0BC6C /* OpenTweetTests.xctest */,
				009C4C871D9F0CD600F0BC6C /* OpenTweetUITests.xctest */,
			);
			name = Products;
			sourceTree = "<group>";
		};
		009C4C6A1D9F0CD600F0BC6C /* OpenTweet */ = {
			isa = PBXGroup;
			children = (
				FC08D1962B659BC6000589FC /* ViewControllers */,
				FC08D17D2B647B7E000589FC /* Utils */,
				FC08D1782B647899000589FC /* Views */,
				FC08D16D2B64712D000589FC /* Networking */,
				FC08D16A2B61AEE8000589FC /* ViewModels */,
				FC08D1692B61AED8000589FC /* Models */,
				009C4C6B1D9F0CD600F0BC6C /* AppDelegate.swift */,
				009C4C6F1D9F0CD600F0BC6C /* Main.storyboard */,
				009C4C741D9F0CD600F0BC6C /* LaunchScreen.storyboard */,
				009C4C721D9F0CD600F0BC6C /* Assets.xcassets */,
				009C4C771D9F0CD600F0BC6C /* Info.plist */,
			);
			path = OpenTweet;
			sourceTree = "<group>";
		};
		009C4C7F1D9F0CD600F0BC6C /* OpenTweetTests */ = {
			isa = PBXGroup;
			children = (
				009C4C801D9F0CD600F0BC6C /* OpenTweetTests.swift */,
				009C4C821D9F0CD600F0BC6C /* Info.plist */,
				FC08D18C2B64A074000589FC /* DateUtilTests.swift */,
			);
			path = OpenTweetTests;
			sourceTree = "<group>";
		};
		009C4C8A1D9F0CD600F0BC6C /* OpenTweetUITests */ = {
			isa = PBXGroup;
			children = (
				009C4C8B1D9F0CD600F0BC6C /* OpenTweetUITests.swift */,
				009C4C8D1D9F0CD600F0BC6C /* Info.plist */,
			);
			path = OpenTweetUITests;
			sourceTree = "<group>";
		};
		009C4C991D9F0D4100F0BC6C /* Data */ = {
			isa = PBXGroup;
			children = (
				009C4C9A1D9F0D4100F0BC6C /* timeline.json */,
			);
			path = Data;
			sourceTree = "<group>";
		};
		FC08D1692B61AED8000589FC /* Models */ = {
			isa = PBXGroup;
			children = (
				FC08D18A2B649CCC000589FC /* Tweet.swift */,
			);
			path = Models;
			sourceTree = "<group>";
		};
		FC08D16A2B61AEE8000589FC /* ViewModels */ = {
			isa = PBXGroup;
			children = (
				FC08D1842B648CE1000589FC /* TweetViewModel.swift */,
				FC08D1992B65AC12000589FC /* TweetDetailViewModel.swift */,
				FC08D19B2B65B751000589FC /* TimelineViewModel.swift */,
				FC08D1A52B66C2F2000589FC /* TweetReplyViewModel.swift */,
			);
			path = ViewModels;
			sourceTree = "<group>";
		};
		FC08D16D2B64712D000589FC /* Networking */ = {
			isa = PBXGroup;
			children = (
				FC08D1762B647762000589FC /* ImageView+Networking.swift */,
			);
			path = Networking;
			sourceTree = "<group>";
		};
		FC08D1782B647899000589FC /* Views */ = {
			isa = PBXGroup;
			children = (
				FC08D1792B6478F3000589FC /* TweetView.swift */,
				FC08D1822B64872A000589FC /* TweetViewCell.swift */,
				FC08D1942B659BBB000589FC /* TweetDetailView.swift */,
				FC08D1A12B65C6E5000589FC /* TweetReplyView.swift */,
				FC08D1A32B65C881000589FC /* TweetReplyCell.swift */,
			);
			path = Views;
			sourceTree = "<group>";
		};
		FC08D17D2B647B7E000589FC /* Utils */ = {
			isa = PBXGroup;
			children = (
				FC08D17B2B647A30000589FC /* LabelViewConfiguring.swift */,
				FC08D17E2B647BD3000589FC /* UILabel+LabelViewConfiguring.swift */,
				FC08D1802B647E38000589FC /* UIViewExtensions.swift */,
				FC08D1862B648D5E000589FC /* Constants.swift */,
				FC08D1882B649BA9000589FC /* DateUtils.swift */,
				FC08D18E2B64A7B3000589FC /* FileLoader.swift */,
				FC08D1902B656777000589FC /* AvatarGenerator.swift */,
				FC08D1922B657B22000589FC /* AttributedStringBuilder.swift */,
			);
			path = Utils;
			sourceTree = "<group>";
		};
		FC08D1962B659BC6000589FC /* ViewControllers */ = {
			isa = PBXGroup;
			children = (
				009C4C6D1D9F0CD600F0BC6C /* TimelineViewController.swift */,
				FC08D1972B659BD5000589FC /* TweetDetailViewController.swift */,
			);
			path = ViewControllers;
			sourceTree = "<group>";
		};
/* End PBXGroup section */

/* Begin PBXNativeTarget section */
		009C4C671D9F0CD600F0BC6C /* OpenTweet */ = {
			isa = PBXNativeTarget;
			buildConfigurationList = 009C4C901D9F0CD600F0BC6C /* Build configuration list for PBXNativeTarget "OpenTweet" */;
			buildPhases = (
				009C4C641D9F0CD600F0BC6C /* Sources */,
				009C4C651D9F0CD600F0BC6C /* Frameworks */,
				009C4C661D9F0CD600F0BC6C /* Resources */,
			);
			buildRules = (
			);
			dependencies = (
			);
			name = OpenTweet;
			productName = OpenTweet;
			productReference = 009C4C681D9F0CD600F0BC6C /* OpenTweet.app */;
			productType = "com.apple.product-type.application";
		};
		009C4C7B1D9F0CD600F0BC6C /* OpenTweetTests */ = {
			isa = PBXNativeTarget;
			buildConfigurationList = 009C4C931D9F0CD600F0BC6C /* Build configuration list for PBXNativeTarget "OpenTweetTests" */;
			buildPhases = (
				009C4C781D9F0CD600F0BC6C /* Sources */,
				009C4C791D9F0CD600F0BC6C /* Frameworks */,
				009C4C7A1D9F0CD600F0BC6C /* Resources */,
			);
			buildRules = (
			);
			dependencies = (
				009C4C7E1D9F0CD600F0BC6C /* PBXTargetDependency */,
			);
			name = OpenTweetTests;
			productName = OpenTweetTests;
			productReference = 009C4C7C1D9F0CD600F0BC6C /* OpenTweetTests.xctest */;
			productType = "com.apple.product-type.bundle.unit-test";
		};
		009C4C861D9F0CD600F0BC6C /* OpenTweetUITests */ = {
			isa = PBXNativeTarget;
			buildConfigurationList = 009C4C961D9F0CD600F0BC6C /* Build configuration list for PBXNativeTarget "OpenTweetUITests" */;
			buildPhases = (
				009C4C831D9F0CD600F0BC6C /* Sources */,
				009C4C841D9F0CD600F0BC6C /* Frameworks */,
				009C4C851D9F0CD600F0BC6C /* Resources */,
			);
			buildRules = (
			);
			dependencies = (
				009C4C891D9F0CD600F0BC6C /* PBXTargetDependency */,
			);
			name = OpenTweetUITests;
			productName = OpenTweetUITests;
			productReference = 009C4C871D9F0CD600F0BC6C /* OpenTweetUITests.xctest */;
			productType = "com.apple.product-type.bundle.ui-testing";
		};
/* End PBXNativeTarget section */

/* Begin PBXProject section */
		009C4C601D9F0CD600F0BC6C /* Project object */ = {
			isa = PBXProject;
			attributes = {
				LastSwiftUpdateCheck = 0800;
				LastUpgradeCheck = 1240;
				ORGANIZATIONNAME = "OpenTable, Inc.";
				TargetAttributes = {
					009C4C671D9F0CD600F0BC6C = {
						CreatedOnToolsVersion = 8.0;
						DevelopmentTeam = QPU8QS3E62;
						ProvisioningStyle = Automatic;
					};
					009C4C7B1D9F0CD600F0BC6C = {
						CreatedOnToolsVersion = 8.0;
						DevelopmentTeam = QPU8QS3E62;
						ProvisioningStyle = Automatic;
						TestTargetID = 009C4C671D9F0CD600F0BC6C;
					};
					009C4C861D9F0CD600F0BC6C = {
						CreatedOnToolsVersion = 8.0;
						DevelopmentTeam = QPU8QS3E62;
						ProvisioningStyle = Automatic;
						TestTargetID = 009C4C671D9F0CD600F0BC6C;
					};
				};
			};
			buildConfigurationList = 009C4C631D9F0CD600F0BC6C /* Build configuration list for PBXProject "OpenTweet" */;
			compatibilityVersion = "Xcode 3.2";
			developmentRegion = en;
			hasScannedForEncodings = 0;
			knownRegions = (
				en,
				Base,
			);
			mainGroup = 009C4C5F1D9F0CD600F0BC6C;
			productRefGroup = 009C4C691D9F0CD600F0BC6C /* Products */;
			projectDirPath = "";
			projectRoot = "";
			targets = (
				009C4C671D9F0CD600F0BC6C /* OpenTweet */,
				009C4C7B1D9F0CD600F0BC6C /* OpenTweetTests */,
				009C4C861D9F0CD600F0BC6C /* OpenTweetUITests */,
			);
		};
/* End PBXProject section */

/* Begin PBXResourcesBuildPhase section */
		009C4C661D9F0CD600F0BC6C /* Resources */ = {
			isa = PBXResourcesBuildPhase;
			buildActionMask = 2147483647;
			files = (
				009C4C9B1D9F0D4100F0BC6C /* timeline.json in Resources */,
				009C4C761D9F0CD600F0BC6C /* LaunchScreen.storyboard in Resources */,
				009C4C731D9F0CD600F0BC6C /* Assets.xcassets in Resources */,
				009C4C711D9F0CD600F0BC6C /* Main.storyboard in Resources */,
			);
			runOnlyForDeploymentPostprocessing = 0;
		};
		009C4C7A1D9F0CD600F0BC6C /* Resources */ = {
			isa = PBXResourcesBuildPhase;
			buildActionMask = 2147483647;
			files = (
			);
			runOnlyForDeploymentPostprocessing = 0;
		};
		009C4C851D9F0CD600F0BC6C /* Resources */ = {
			isa = PBXResourcesBuildPhase;
			buildActionMask = 2147483647;
			files = (
			);
			runOnlyForDeploymentPostprocessing = 0;
		};
/* End PBXResourcesBuildPhase section */

/* Begin PBXSourcesBuildPhase section */
		009C4C641D9F0CD600F0BC6C /* Sources */ = {
			isa = PBXSourcesBuildPhase;
			buildActionMask = 2147483647;
			files = (
				FC08D1912B656777000589FC /* AvatarGenerator.swift in Sources */,
				FC08D1852B648CE1000589FC /* TweetViewModel.swift in Sources */,
				FC08D18F2B64A7B3000589FC /* FileLoader.swift in Sources */,
				FC08D1772B647762000589FC /* ImageView+Networking.swift in Sources */,
				009C4C6E1D9F0CD600F0BC6C /* TimelineViewController.swift in Sources */,
				FC08D1832B64872A000589FC /* TweetViewCell.swift in Sources */,
				FC08D18B2B649CCC000589FC /* Tweet.swift in Sources */,
				FC08D17C2B647A30000589FC /* LabelViewConfiguring.swift in Sources */,
				FC08D19C2B65B751000589FC /* TimelineViewModel.swift in Sources */,
				FC08D17F2B647BD3000589FC /* UILabel+LabelViewConfiguring.swift in Sources */,
				FC08D1A22B65C6E5000589FC /* TweetReplyView.swift in Sources */,
				FC08D17A2B6478F3000589FC /* TweetView.swift in Sources */,
				FC08D1982B659BD5000589FC /* TweetDetailViewController.swift in Sources */,
				FC08D1A42B65C881000589FC /* TweetReplyCell.swift in Sources */,
				FC08D1A62B66C2F2000589FC /* TweetReplyViewModel.swift in Sources */,
				FC08D1812B647E38000589FC /* UIViewExtensions.swift in Sources */,
				FC08D1892B649BA9000589FC /* DateUtils.swift in Sources */,
				009C4C6C1D9F0CD600F0BC6C /* AppDelegate.swift in Sources */,
				FC08D1932B657B22000589FC /* AttributedStringBuilder.swift in Sources */,
				FC08D1872B648D5E000589FC /* Constants.swift in Sources */,
				FC08D19A2B65AC12000589FC /* TweetDetailViewModel.swift in Sources */,
				FC08D1952B659BBB000589FC /* TweetDetailView.swift in Sources */,
			);
			runOnlyForDeploymentPostprocessing = 0;
		};
		009C4C781D9F0CD600F0BC6C /* Sources */ = {
			isa = PBXSourcesBuildPhase;
			buildActionMask = 2147483647;
			files = (
				009C4C811D9F0CD600F0BC6C /* OpenTweetTests.swift in Sources */,
				FC08D18D2B64A074000589FC /* DateUtilTests.swift in Sources */,
			);
			runOnlyForDeploymentPostprocessing = 0;
		};
		009C4C831D9F0CD600F0BC6C /* Sources */ = {
			isa = PBXSourcesBuildPhase;
			buildActionMask = 2147483647;
			files = (
				009C4C8C1D9F0CD600F0BC6C /* OpenTweetUITests.swift in Sources */,
			);
			runOnlyForDeploymentPostprocessing = 0;
		};
/* End PBXSourcesBuildPhase section */

/* Begin PBXTargetDependency section */
		009C4C7E1D9F0CD600F0BC6C /* PBXTargetDependency */ = {
			isa = PBXTargetDependency;
			target = 009C4C671D9F0CD600F0BC6C /* OpenTweet */;
			targetProxy = 009C4C7D1D9F0CD600F0BC6C /* PBXContainerItemProxy */;
		};
		009C4C891D9F0CD600F0BC6C /* PBXTargetDependency */ = {
			isa = PBXTargetDependency;
			target = 009C4C671D9F0CD600F0BC6C /* OpenTweet */;
			targetProxy = 009C4C881D9F0CD600F0BC6C /* PBXContainerItemProxy */;
		};
/* End PBXTargetDependency section */

/* Begin PBXVariantGroup section */
		009C4C6F1D9F0CD600F0BC6C /* Main.storyboard */ = {
			isa = PBXVariantGroup;
			children = (
				009C4C701D9F0CD600F0BC6C /* Base */,
			);
			name = Main.storyboard;
			sourceTree = "<group>";
		};
		009C4C741D9F0CD600F0BC6C /* LaunchScreen.storyboard */ = {
			isa = PBXVariantGroup;
			children = (
				009C4C751D9F0CD600F0BC6C /* Base */,
			);
			name = LaunchScreen.storyboard;
			sourceTree = "<group>";
		};
/* End PBXVariantGroup section */

/* Begin XCBuildConfiguration section */
		009C4C8E1D9F0CD600F0BC6C /* Debug */ = {
			isa = XCBuildConfiguration;
			buildSettings = {
				ALWAYS_SEARCH_USER_PATHS = NO;
				CLANG_ANALYZER_LOCALIZABILITY_NONLOCALIZED = YES;
				CLANG_ANALYZER_NONNULL = YES;
				CLANG_CXX_LANGUAGE_STANDARD = "gnu++0x";
				CLANG_CXX_LIBRARY = "libc++";
				CLANG_ENABLE_MODULES = YES;
				CLANG_ENABLE_OBJC_ARC = YES;
				CLANG_WARN_BLOCK_CAPTURE_AUTORELEASING = YES;
				CLANG_WARN_BOOL_CONVERSION = YES;
				CLANG_WARN_COMMA = YES;
				CLANG_WARN_CONSTANT_CONVERSION = YES;
				CLANG_WARN_DEPRECATED_OBJC_IMPLEMENTATIONS = YES;
				CLANG_WARN_DIRECT_OBJC_ISA_USAGE = YES_ERROR;
				CLANG_WARN_DOCUMENTATION_COMMENTS = YES;
				CLANG_WARN_EMPTY_BODY = YES;
				CLANG_WARN_ENUM_CONVERSION = YES;
				CLANG_WARN_INFINITE_RECURSION = YES;
				CLANG_WARN_INT_CONVERSION = YES;
				CLANG_WARN_NON_LITERAL_NULL_CONVERSION = YES;
				CLANG_WARN_OBJC_IMPLICIT_RETAIN_SELF = YES;
				CLANG_WARN_OBJC_LITERAL_CONVERSION = YES;
				CLANG_WARN_OBJC_ROOT_CLASS = YES_ERROR;
				CLANG_WARN_QUOTED_INCLUDE_IN_FRAMEWORK_HEADER = YES;
				CLANG_WARN_RANGE_LOOP_ANALYSIS = YES;
				CLANG_WARN_STRICT_PROTOTYPES = YES;
				CLANG_WARN_SUSPICIOUS_MOVE = YES;
				CLANG_WARN_SUSPICIOUS_MOVES = YES;
				CLANG_WARN_UNREACHABLE_CODE = YES;
				CLANG_WARN__DUPLICATE_METHOD_MATCH = YES;
				"CODE_SIGN_IDENTITY[sdk=iphoneos*]" = "iPhone Developer";
				COPY_PHASE_STRIP = NO;
				DEBUG_INFORMATION_FORMAT = dwarf;
				ENABLE_STRICT_OBJC_MSGSEND = YES;
				ENABLE_TESTABILITY = YES;
				GCC_C_LANGUAGE_STANDARD = gnu99;
				GCC_DYNAMIC_NO_PIC = NO;
				GCC_NO_COMMON_BLOCKS = YES;
				GCC_OPTIMIZATION_LEVEL = 0;
				GCC_PREPROCESSOR_DEFINITIONS = (
					"DEBUG=1",
					"$(inherited)",
				);
				GCC_WARN_64_TO_32_BIT_CONVERSION = YES;
				GCC_WARN_ABOUT_RETURN_TYPE = YES_ERROR;
				GCC_WARN_UNDECLARED_SELECTOR = YES;
				GCC_WARN_UNINITIALIZED_AUTOS = YES_AGGRESSIVE;
				GCC_WARN_UNUSED_FUNCTION = YES;
				GCC_WARN_UNUSED_VARIABLE = YES;
				IPHONEOS_DEPLOYMENT_TARGET = 12.0;
				MTL_ENABLE_DEBUG_INFO = YES;
				ONLY_ACTIVE_ARCH = YES;
				SDKROOT = iphoneos;
				SWIFT_ACTIVE_COMPILATION_CONDITIONS = DEBUG;
				SWIFT_OPTIMIZATION_LEVEL = "-Onone";
				TARGETED_DEVICE_FAMILY = "1,2";
			};
			name = Debug;
		};
		009C4C8F1D9F0CD600F0BC6C /* Release */ = {
			isa = XCBuildConfiguration;
			buildSettings = {
				ALWAYS_SEARCH_USER_PATHS = NO;
				CLANG_ANALYZER_LOCALIZABILITY_NONLOCALIZED = YES;
				CLANG_ANALYZER_NONNULL = YES;
				CLANG_CXX_LANGUAGE_STANDARD = "gnu++0x";
				CLANG_CXX_LIBRARY = "libc++";
				CLANG_ENABLE_MODULES = YES;
				CLANG_ENABLE_OBJC_ARC = YES;
				CLANG_WARN_BLOCK_CAPTURE_AUTORELEASING = YES;
				CLANG_WARN_BOOL_CONVERSION = YES;
				CLANG_WARN_COMMA = YES;
				CLANG_WARN_CONSTANT_CONVERSION = YES;
				CLANG_WARN_DEPRECATED_OBJC_IMPLEMENTATIONS = YES;
				CLANG_WARN_DIRECT_OBJC_ISA_USAGE = YES_ERROR;
				CLANG_WARN_DOCUMENTATION_COMMENTS = YES;
				CLANG_WARN_EMPTY_BODY = YES;
				CLANG_WARN_ENUM_CONVERSION = YES;
				CLANG_WARN_INFINITE_RECURSION = YES;
				CLANG_WARN_INT_CONVERSION = YES;
				CLANG_WARN_NON_LITERAL_NULL_CONVERSION = YES;
				CLANG_WARN_OBJC_IMPLICIT_RETAIN_SELF = YES;
				CLANG_WARN_OBJC_LITERAL_CONVERSION = YES;
				CLANG_WARN_OBJC_ROOT_CLASS = YES_ERROR;
				CLANG_WARN_QUOTED_INCLUDE_IN_FRAMEWORK_HEADER = YES;
				CLANG_WARN_RANGE_LOOP_ANALYSIS = YES;
				CLANG_WARN_STRICT_PROTOTYPES = YES;
				CLANG_WARN_SUSPICIOUS_MOVE = YES;
				CLANG_WARN_SUSPICIOUS_MOVES = YES;
				CLANG_WARN_UNREACHABLE_CODE = YES;
				CLANG_WARN__DUPLICATE_METHOD_MATCH = YES;
				"CODE_SIGN_IDENTITY[sdk=iphoneos*]" = "iPhone Developer";
				COPY_PHASE_STRIP = NO;
				DEBUG_INFORMATION_FORMAT = "dwarf-with-dsym";
				ENABLE_NS_ASSERTIONS = NO;
				ENABLE_STRICT_OBJC_MSGSEND = YES;
				GCC_C_LANGUAGE_STANDARD = gnu99;
				GCC_NO_COMMON_BLOCKS = YES;
				GCC_WARN_64_TO_32_BIT_CONVERSION = YES;
				GCC_WARN_ABOUT_RETURN_TYPE = YES_ERROR;
				GCC_WARN_UNDECLARED_SELECTOR = YES;
				GCC_WARN_UNINITIALIZED_AUTOS = YES_AGGRESSIVE;
				GCC_WARN_UNUSED_FUNCTION = YES;
				GCC_WARN_UNUSED_VARIABLE = YES;
				IPHONEOS_DEPLOYMENT_TARGET = 12.0;
				MTL_ENABLE_DEBUG_INFO = NO;
				SDKROOT = iphoneos;
				SWIFT_OPTIMIZATION_LEVEL = "-Owholemodule";
				TARGETED_DEVICE_FAMILY = "1,2";
				VALIDATE_PRODUCT = YES;
			};
			name = Release;
		};
		009C4C911D9F0CD600F0BC6C /* Debug */ = {
			isa = XCBuildConfiguration;
			buildSettings = {
				ASSETCATALOG_COMPILER_APPICON_NAME = AppIcon;
				DEVELOPMENT_TEAM = QPU8QS3E62;
				INFOPLIST_FILE = OpenTweet/Info.plist;
				IPHONEOS_DEPLOYMENT_TARGET = 14.1;
				LD_RUNPATH_SEARCH_PATHS = "$(inherited) @executable_path/Frameworks";
				PRODUCT_BUNDLE_IDENTIFIER = com.opentable.OpenTweet;
				PRODUCT_NAME = "$(TARGET_NAME)";
				SWIFT_VERSION = 5.0;
			};
			name = Debug;
		};
		009C4C921D9F0CD600F0BC6C /* Release */ = {
			isa = XCBuildConfiguration;
			buildSettings = {
				ASSETCATALOG_COMPILER_APPICON_NAME = AppIcon;
				DEVELOPMENT_TEAM = QPU8QS3E62;
				INFOPLIST_FILE = OpenTweet/Info.plist;
				IPHONEOS_DEPLOYMENT_TARGET = 14.1;
				LD_RUNPATH_SEARCH_PATHS = "$(inherited) @executable_path/Frameworks";
				PRODUCT_BUNDLE_IDENTIFIER = com.opentable.OpenTweet;
				PRODUCT_NAME = "$(TARGET_NAME)";
				SWIFT_VERSION = 5.0;
			};
			name = Release;
		};
		009C4C941D9F0CD600F0BC6C /* Debug */ = {
			isa = XCBuildConfiguration;
			buildSettings = {
				ALWAYS_EMBED_SWIFT_STANDARD_LIBRARIES = YES;
				BUNDLE_LOADER = "$(TEST_HOST)";
				DEVELOPMENT_TEAM = QPU8QS3E62;
				INFOPLIST_FILE = OpenTweetTests/Info.plist;
				IPHONEOS_DEPLOYMENT_TARGET = 14.1;
				LD_RUNPATH_SEARCH_PATHS = "$(inherited) @executable_path/Frameworks @loader_path/Frameworks";
				PRODUCT_BUNDLE_IDENTIFIER = com.opentable.OpenTweetTests;
				PRODUCT_NAME = "$(TARGET_NAME)";
				SWIFT_VERSION = 5.0;
				TEST_HOST = "$(BUILT_PRODUCTS_DIR)/OpenTweet.app/OpenTweet";
			};
			name = Debug;
		};
		009C4C951D9F0CD600F0BC6C /* Release */ = {
			isa = XCBuildConfiguration;
			buildSettings = {
				ALWAYS_EMBED_SWIFT_STANDARD_LIBRARIES = YES;
				BUNDLE_LOADER = "$(TEST_HOST)";
				DEVELOPMENT_TEAM = QPU8QS3E62;
				INFOPLIST_FILE = OpenTweetTests/Info.plist;
				IPHONEOS_DEPLOYMENT_TARGET = 14.1;
				LD_RUNPATH_SEARCH_PATHS = "$(inherited) @executable_path/Frameworks @loader_path/Frameworks";
				PRODUCT_BUNDLE_IDENTIFIER = com.opentable.OpenTweetTests;
				PRODUCT_NAME = "$(TARGET_NAME)";
				SWIFT_VERSION = 5.0;
				TEST_HOST = "$(BUILT_PRODUCTS_DIR)/OpenTweet.app/OpenTweet";
			};
			name = Release;
		};
		009C4C971D9F0CD600F0BC6C /* Debug */ = {
			isa = XCBuildConfiguration;
			buildSettings = {
				ALWAYS_EMBED_SWIFT_STANDARD_LIBRARIES = YES;
				DEVELOPMENT_TEAM = QPU8QS3E62;
				INFOPLIST_FILE = OpenTweetUITests/Info.plist;
				IPHONEOS_DEPLOYMENT_TARGET = 14.1;
				LD_RUNPATH_SEARCH_PATHS = "$(inherited) @executable_path/Frameworks @loader_path/Frameworks";
				PRODUCT_BUNDLE_IDENTIFIER = com.opentable.OpenTweetUITests;
				PRODUCT_NAME = "$(TARGET_NAME)";
				SWIFT_VERSION = 5.0;
				TEST_TARGET_NAME = OpenTweet;
			};
			name = Debug;
		};
		009C4C981D9F0CD600F0BC6C /* Release */ = {
			isa = XCBuildConfiguration;
			buildSettings = {
				ALWAYS_EMBED_SWIFT_STANDARD_LIBRARIES = YES;
				DEVELOPMENT_TEAM = QPU8QS3E62;
				INFOPLIST_FILE = OpenTweetUITests/Info.plist;
				IPHONEOS_DEPLOYMENT_TARGET = 14.1;
				LD_RUNPATH_SEARCH_PATHS = "$(inherited) @executable_path/Frameworks @loader_path/Frameworks";
				PRODUCT_BUNDLE_IDENTIFIER = com.opentable.OpenTweetUITests;
				PRODUCT_NAME = "$(TARGET_NAME)";
				SWIFT_VERSION = 5.0;
				TEST_TARGET_NAME = OpenTweet;
			};
			name = Release;
		};
/* End XCBuildConfiguration section */

/* Begin XCConfigurationList section */
		009C4C631D9F0CD600F0BC6C /* Build configuration list for PBXProject "OpenTweet" */ = {
			isa = XCConfigurationList;
			buildConfigurations = (
				009C4C8E1D9F0CD600F0BC6C /* Debug */,
				009C4C8F1D9F0CD600F0BC6C /* Release */,
			);
			defaultConfigurationIsVisible = 0;
			defaultConfigurationName = Release;
		};
		009C4C901D9F0CD600F0BC6C /* Build configuration list for PBXNativeTarget "OpenTweet" */ = {
			isa = XCConfigurationList;
			buildConfigurations = (
				009C4C911D9F0CD600F0BC6C /* Debug */,
				009C4C921D9F0CD600F0BC6C /* Release */,
			);
			defaultConfigurationIsVisible = 0;
			defaultConfigurationName = Release;
		};
		009C4C931D9F0CD600F0BC6C /* Build configuration list for PBXNativeTarget "OpenTweetTests" */ = {
			isa = XCConfigurationList;
			buildConfigurations = (
				009C4C941D9F0CD600F0BC6C /* Debug */,
				009C4C951D9F0CD600F0BC6C /* Release */,
			);
			defaultConfigurationIsVisible = 0;
			defaultConfigurationName = Release;
		};
		009C4C961D9F0CD600F0BC6C /* Build configuration list for PBXNativeTarget "OpenTweetUITests" */ = {
			isa = XCConfigurationList;
			buildConfigurations = (
				009C4C971D9F0CD600F0BC6C /* Debug */,
				009C4C981D9F0CD600F0BC6C /* Release */,
			);
			defaultConfigurationIsVisible = 0;
			defaultConfigurationName = Release;
		};
/* End XCConfigurationList section */
	};
	rootObject = 009C4C601D9F0CD600F0BC6C /* Project object */;
}
